// !$*UTF8*$!
{
	archiveVersion = 1;
	classes = {
	};
	objectVersion = 56;
	objects = {

/* Begin PBXBuildFile section */
		1A0000012C00000100000001 /* ClipboardManagerApp.swift in Sources */ = {isa = PBXBuildFile; fileRef = 1A0000022C00000100000001 /* ClipboardManagerApp.swift */; };
		1A0000032C00000100000001 /* ClipboardStore.swift in Sources */ = {isa = PBXBuildFile; fileRef = 1A0000042C00000100000001 /* ClipboardStore.swift */; };
		1A0000052C00000100000001 /* ClipboardHUDView.swift in Sources */ = {isa = PBXBuildFile; fileRef = 1A0000062C00000100000001 /* ClipboardHUDView.swift */; };
/* End PBXBuildFile section */

/* Begin PBXFileReference section */
		1A0000072C00000100000001 /* ClipboardManager.app */ = {isa = PBXFileReference; explicitFileType = wrapper.application; includeInIndex = 0; path = ClipboardManager.app; sourceTree = BUILT_PRODUCTS_DIR; };
		1A0000022C00000100000001 /* ClipboardManagerApp.swift */ = {isa = PBXFileReference; lastKnownFileType = sourcecode.swift; path = ClipboardManagerApp.swift; sourceTree = "<group>"; };
		1A0000042C00000100000001 /* ClipboardStore.swift */ = {isa = PBXFileReference; lastKnownFileType = sourcecode.swift; path = ClipboardStore.swift; sourceTree = "<group>"; };
		1A0000062C00000100000001 /* ClipboardHUDView.swift */ = {isa = PBXFileReference; lastKnownFileType = sourcecode.swift; path = ClipboardHUDView.swift; sourceTree = "<group>"; };
		1A0000082C00000100000001 /* Info.plist */ = {isa = PBXFileReference; lastKnownFileType = text.plist.xml; path = Info.plist; sourceTree = "<group>"; };
/* End PBXFileReference section */

/* Begin PBXFrameworksBuildPhase section */
		1A0000092C00000100000001 /* Frameworks */ = {
			isa = PBXFrameworksBuildPhase;
			buildActionMask = 2147483647;
			files = (
			);
			runOnlyForDeploymentPostprocessing = 0;
		};
/* End PBXFrameworksBuildPhase section */

/* Begin PBXGroup section */
		1A00000A2C00000100000001 = {
			isa = PBXGroup;
			children = (
				1A00000B2C00000100000001 /* ClipboardManager */,
				1A00000C2C00000100000001 /* Products */,
			);
			sourceTree = "<group>";
		};
		1A00000B2C00000100000001 /* ClipboardManager */ = {
			isa = PBXGroup;
			children = (
				1A0000022C00000100000001 /* ClipboardManagerApp.swift */,
				1A0000042C00000100000001 /* ClipboardStore.swift */,
				1A0000062C00000100000001 /* ClipboardHUDView.swift */,
				1A0000082C00000100000001 /* Info.plist */,
			);
			path = ClipboardManager;
			sourceTree = "<group>";
		};
		1A00000C2C00000100000001 /* Products */ = {
			isa = PBXGroup;
			children = (
				1A0000072C00000100000001 /* ClipboardManager.app */,
			);
			name = Products;
			sourceTree = "<group>";
		};
/* End PBXGroup section */

/* Begin PBXNativeTarget section */
		1A00000D2C00000100000001 /* ClipboardManager */ = {
			isa = PBXNativeTarget;
			buildConfigurationList = 1A00000E2C00000100000001 /* Build configuration list for PBXNativeTarget "ClipboardManager" */;
			buildPhases = (
				1A00000F2C00000100000001 /* Sources */,
				1A0000092C00000100000001 /* Frameworks */,
				1A0000102C00000100000001 /* Resources */,
			);
			buildRules = (
			);
			dependencies = (
			);
			name = ClipboardManager;
			productName = ClipboardManager;
			productReference = 1A0000072C00000100000001 /* ClipboardManager.app */;
			productType = "com.apple.product-type.application";
		};
/* End PBXNativeTarget section */

/* Begin PBXProject section */
		1A0000112C00000100000001 /* Project object */ = {
			isa = PBXProject;
			attributes = {
				BuildIndependentTargetsInParallel = 1;
				LastSwiftUpdateCheck = 1500;
				LastUpgradeCheck = 1500;
				TargetAttributes = {
					1A00000D2C00000100000001 = {
						CreatedOnToolsVersion = 15.0;
					};
				};
			};
			buildConfigurationList = 1A0000122C00000100000001 /* Build configuration list for PBXProject "ClipboardManager" */;
			compatibilityVersion = "Xcode 14.0";
			developmentRegion = en;
			hasScannedForEncodings = 0;
			knownRegions = (
				en,
				Base,
			);
			mainGroup = 1A00000A2C00000100000001;
			productRefGroup = 1A00000C2C00000100000001 /* Products */;
			projectDirPath = "";
			projectRoot = "";
			targets = (
				1A00000D2C00000100000001 /* ClipboardManager */,
			);
		};
/* End PBXProject section */

/* Begin PBXResourcesBuildPhase section */
		1A0000102C00000100000001 /* Resources */ = {
			isa = PBXResourcesBuildPhase;
			buildActionMask = 2147483647;
			files = (
			);
			runOnlyForDeploymentPostprocessing = 0;
		};
/* End PBXResourcesBuildPhase section */

/* Begin PBXSourcesBuildPhase section */
		1A00000F2C00000100000001 /* Sources */ = {
			isa = PBXSourcesBuildPhase;
			buildActionMask = 2147483647;
			files = (
				1A0000012C00000100000001 /* ClipboardManagerApp.swift in Sources */,
				1A0000032C00000100000001 /* ClipboardStore.swift in Sources */,
				1A0000052C00000100000001 /* ClipboardHUDView.swift in Sources */,
			);
			runOnlyForDeploymentPostprocessing = 0;
		};
/* End PBXSourcesBuildPhase section */

/* Begin XCBuildConfiguration section */
		1A0000132C00000100000001 /* Debug */ = {
			isa = XCBuildConfiguration;
			buildSettings = {
				ALWAYS_SEARCH_USER_PATHS = NO;
				CLANG_ANALYZER_NONNULL = YES;
				CLANG_ENABLE_MODULES = YES;
				CLANG_ENABLE_OBJC_ARC = YES;
				COPY_PHASE_STRIP = NO;
				DEBUG_INFORMATION_FORMAT = dwarf;
				ENABLE_STRICT_OBJC_MSGSEND = YES;
				ENABLE_TESTABILITY = YES;
				GCC_DYNAMIC_NO_PIC = NO;
				GCC_OPTIMIZATION_LEVEL = 0;
				GCC_PREPROCESSOR_DEFINITIONS = (
					"DEBUG=1",
					"$(inherited)",
				);
				GCC_WARN_64_TO_32_BIT_CONVERSION = YES;
				MACOSX_DEPLOYMENT_TARGET = 13.0;
				MTL_ENABLE_DEBUG_INFO = INCLUDE_SOURCE;
				MTL_FAST_MATH = YES;
				ONLY_ACTIVE_ARCH = YES;
				SDKROOT = macosx;
				SWIFT_ACTIVE_COMPILATION_CONDITIONS = DEBUG;
				SWIFT_OPTIMIZATION_LEVEL = "-Onone";
			};
			name = Debug;
		};
		1A0000142C00000100000001 /* Release */ = {
			isa = XCBuildConfiguration;
			buildSettings = {
				ALWAYS_SEARCH_USER_PATHS = NO;
				CLANG_ANALYZER_NONNULL = YES;
				CLANG_ENABLE_MODULES = YES;
				CLANG_ENABLE_OBJC_ARC = YES;
				COPY_PHASE_STRIP = NO;
				DEBUG_INFORMATION_FORMAT = "dwarf-with-dsym";
				ENABLE_NS_ASSERTIONS = NO;
				ENABLE_STRICT_OBJC_MSGSEND = YES;
				GCC_WARN_64_TO_32_BIT_CONVERSION = YES;
				MACOSX_DEPLOYMENT_TARGET = 13.0;
				MTL_FAST_MATH = YES;
				SDKROOT = macosx;
				SWIFT_COMPILATION_MODE = wholemodule;
				SWIFT_OPTIMIZATION_LEVEL = "-O";
			};
			name = Release;
		};
		1A0000152C00000100000001 /* Debug */ = {
			isa = XCBuildConfiguration;
			buildSettings = {
				ASSETCATALOG_COMPILER_APPICON_NAME = AppIcon;
				CODE_SIGN_STYLE = Automatic;
				COMBINE_HIDPI_IMAGES = YES;
				CURRENT_PROJECT_VERSION = 1;
				GENERATE_INFOPLIST_FILE = NO;
				INFOPLIST_FILE = ClipboardManager/Info.plist;
				LD_RUNPATH_SEARCH_PATHS = (
					"$(inherited)",
					"@executable_path/../Frameworks",
				);
				MARKETING_VERSION = 1.0;
				PRODUCT_BUNDLE_IDENTIFIER = com.khuevu.ClipboardManager;
				PRODUCT_NAME = "$(TARGET_NAME)";
				SWIFT_EMIT_LOC_STRINGS = YES;
				SWIFT_VERSION = 5.0;
			};
			name = Debug;
		};
		1A0000162C00000100000001 /* Release */ = {
			isa = XCBuildConfiguration;
			buildSettings = {
				ASSETCATALOG_COMPILER_APPICON_NAME = AppIcon;
				CODE_SIGN_STYLE = Automatic;
				COMBINE_HIDPI_IMAGES = YES;
				CURRENT_PROJECT_VERSION = 1;
				GENERATE_INFOPLIST_FILE = NO;
				INFOPLIST_FILE = ClipboardManager/Info.plist;
				LD_RUNPATH_SEARCH_PATHS = (
					"$(inherited)",
					"@executable_path/../Frameworks",
				);
				MARKETING_VERSION = 1.0;
				PRODUCT_BUNDLE_IDENTIFIER = com.khuevu.ClipboardManager;
				PRODUCT_NAME = "$(TARGET_NAME)";
				SWIFT_EMIT_LOC_STRINGS = YES;
				SWIFT_VERSION = 5.0;
			};
			name = Release;
		};
/* End XCBuildConfiguration section */

/* Begin XCConfigurationList section */
		1A0000122C00000100000001 /* Build configuration list for PBXProject "ClipboardManager" */;
		1A0000122C00000100000001 /* Build configuration list for PBXProject "ClipboardManager" */ = {
			isa = XCConfigurationList;
			buildConfigurations = (
				1A0000132C00000100000001 /* Debug */,
				1A0000142C00000100000001 /* Release */,
			);
			defaultConfigurationIsVisible = 0;
			defaultConfigurationName = Release;
		};
		1A00000E2C00000100000001 /* Build configuration list for PBXNativeTarget "ClipboardManager" */ = {
			isa = XCConfigurationList;
			buildConfigurations = (
				1A0000152C00000100000001 /* Debug */,
				1A0000162C00000100000001 /* Release */,
			);
			defaultConfigurationIsVisible = 0;
			defaultConfigurationName = Release;
		};
/* End XCConfigurationList section */

	};
	rootObject = 1A0000112C00000100000001 /* Project object */;
}
